
Microsoft Visual Studio Solution File, Format Version 12.00
# Visual Studio Version 17
VisualStudioVersion = 17.4.33205.214
MinimumVisualStudioVersion = 10.0.40219.1
Project("{9A19103F-16F7-4668-BE54-9A1E7A4F7556}") = "Non_database Project", "Non_database Project\Non_database Project.csproj", "{41074CCC-3530-465E-B706-CE823CA0EEC2}"
EndProject
Project("{FAE04EC0-301F-11D3-BF4B-00C04F79EFBC}") = "UnitTest", "UnitTest\UnitTest.csproj", "{26838CBB-DBA7-4BA9-BB13-5128EB2149F8}"
EndProject
Global
	GlobalSection(SolutionConfigurationPlatforms) = preSolution
		Debug|Any CPU = Debug|Any CPU
		Release|Any CPU = Release|Any CPU
	EndGlobalSection
	GlobalSection(ProjectConfigurationPlatforms) = postSolution
		{41074CCC-3530-465E-B706-CE823CA0EEC2}.Debug|Any CPU.ActiveCfg = Debug|Any CPU
		{41074CCC-3530-465E-B706-CE823CA0EEC2}.Debug|Any CPU.Build.0 = Debug|Any CPU
		{41074CCC-3530-465E-B706-CE823CA0EEC2}.Release|Any CPU.ActiveCfg = Release|Any CPU
		{41074CCC-3530-465E-B706-CE823CA0EEC2}.Release|Any CPU.Build.0 = Release|Any CPU
		{26838CBB-DBA7-4BA9-BB13-5128EB2149F8}.Debug|Any CPU.ActiveCfg = Debug|Any CPU
		{26838CBB-DBA7-4BA9-BB13-5128EB2149F8}.Debug|Any CPU.Build.0 = Debug|Any CPU
		{26838CBB-DBA7-4BA9-BB13-5128EB2149F8}.Release|Any CPU.ActiveCfg = Release|Any CPU
		{26838CBB-DBA7-4BA9-BB13-5128EB2149F8}.Release|Any CPU.Build.0 = Release|Any CPU
	EndGlobalSection
	GlobalSection(SolutionProperties) = preSolution
		HideSolutionNode = FALSE
	EndGlobalSection
	GlobalSection(ExtensibilityGlobals) = postSolution
		SolutionGuid = {285879E2-D269-45B9-93DD-6672E185D317}
	EndGlobalSection
EndGlobal
